
Microsoft Visual Studio Solution File, Format Version 12.00
# Visual Studio 15
VisualStudioVersion = 15.0.28307.852
MinimumVisualStudioVersion = 10.0.40219.1
Project("{FAE04EC0-301F-11D3-BF4B-00C04F79EFBC}") = "TxtFileLogPRactice", "TxtFileLogPRactice\TxtFileLogPRactice.csproj", "{CA6E5F9D-3A09-473C-93E6-CF4F67D8BA43}"
EndProject
Global
	GlobalSection(SolutionConfigurationPlatforms) = preSolution
		Debug|Any CPU = Debug|Any CPU
		Release|Any CPU = Release|Any CPU
	EndGlobalSection
	GlobalSection(ProjectConfigurationPlatforms) = postSolution
		{CA6E5F9D-3A09-473C-93E6-CF4F67D8BA43}.Debug|Any CPU.ActiveCfg = Debug|Any CPU
		{CA6E5F9D-3A09-473C-93E6-CF4F67D8BA43}.Debug|Any CPU.Build.0 = Debug|Any CPU
		{CA6E5F9D-3A09-473C-93E6-CF4F67D8BA43}.Release|Any CPU.ActiveCfg = Release|Any CPU
		{CA6E5F9D-3A09-473C-93E6-CF4F67D8BA43}.Release|Any CPU.Build.0 = Release|Any CPU
	EndGlobalSection
	GlobalSection(SolutionProperties) = preSolution
		HideSolutionNode = FALSE
	EndGlobalSection
	GlobalSection(ExtensibilityGlobals) = postSolution
		SolutionGuid = {580A70C7-0DE1-48B5-AFEE-CDB94F54ED59}
	EndGlobalSection
EndGlobal
