
Microsoft Visual Studio Solution File, Format Version 12.00
# Visual Studio 15
VisualStudioVersion = 15.0.28307.852
MinimumVisualStudioVersion = 10.0.40219.1
Project("{FAE04EC0-301F-11D3-BF4B-00C04F79EFBC}") = "TheTechAcademyMockSite", "TheTechAcademyMockSite\TheTechAcademyMockSite.csproj", "{4DCCE46F-5689-4206-8356-B2C0C62FE163}"
EndProject
Global
	GlobalSection(SolutionConfigurationPlatforms) = preSolution
		Debug|Any CPU = Debug|Any CPU
		Release|Any CPU = Release|Any CPU
	EndGlobalSection
	GlobalSection(ProjectConfigurationPlatforms) = postSolution
		{4DCCE46F-5689-4206-8356-B2C0C62FE163}.Debug|Any CPU.ActiveCfg = Debug|Any CPU
		{4DCCE46F-5689-4206-8356-B2C0C62FE163}.Debug|Any CPU.Build.0 = Debug|Any CPU
		{4DCCE46F-5689-4206-8356-B2C0C62FE163}.Release|Any CPU.ActiveCfg = Release|Any CPU
		{4DCCE46F-5689-4206-8356-B2C0C62FE163}.Release|Any CPU.Build.0 = Release|Any CPU
	EndGlobalSection
	GlobalSection(SolutionProperties) = preSolution
		HideSolutionNode = FALSE
	EndGlobalSection
	GlobalSection(ExtensibilityGlobals) = postSolution
		SolutionGuid = {E1F99711-86AF-48BA-9C4E-09EC9F97FA81}
	EndGlobalSection
EndGlobal
