
Microsoft Visual Studio Solution File, Format Version 12.00
# Visual Studio 15
VisualStudioVersion = 15.0.28307.852
MinimumVisualStudioVersion = 10.0.40219.1
Project("{FAE04EC0-301F-11D3-BF4B-00C04F79EFBC}") = "Step100", "Step100\Step100.csproj", "{34CE5A50-819D-41B7-84B4-CE25D2241BD6}"
EndProject
Global
	GlobalSection(SolutionConfigurationPlatforms) = preSolution
		Debug|Any CPU = Debug|Any CPU
		Release|Any CPU = Release|Any CPU
	EndGlobalSection
	GlobalSection(ProjectConfigurationPlatforms) = postSolution
		{34CE5A50-819D-41B7-84B4-CE25D2241BD6}.Debug|Any CPU.ActiveCfg = Debug|Any CPU
		{34CE5A50-819D-41B7-84B4-CE25D2241BD6}.Debug|Any CPU.Build.0 = Debug|Any CPU
		{34CE5A50-819D-41B7-84B4-CE25D2241BD6}.Release|Any CPU.ActiveCfg = Release|Any CPU
		{34CE5A50-819D-41B7-84B4-CE25D2241BD6}.Release|Any CPU.Build.0 = Release|Any CPU
	EndGlobalSection
	GlobalSection(SolutionProperties) = preSolution
		HideSolutionNode = FALSE
	EndGlobalSection
	GlobalSection(ExtensibilityGlobals) = postSolution
		SolutionGuid = {ABCD5D98-8C56-4FD6-A7DA-198086677995}
	EndGlobalSection
EndGlobal
