
Microsoft Visual Studio Solution File, Format Version 12.00
# Visual Studio 15
VisualStudioVersion = 15.0.28307.852
MinimumVisualStudioVersion = 10.0.40219.1
Project("{FAE04EC0-301F-11D3-BF4B-00C04F79EFBC}") = "StringFunctions", "StringFunctions\StringFunctions.csproj", "{365D8241-23AA-48ED-953D-A071D14D4A3D}"
EndProject
Global
	GlobalSection(SolutionConfigurationPlatforms) = preSolution
		Debug|Any CPU = Debug|Any CPU
		Release|Any CPU = Release|Any CPU
	EndGlobalSection
	GlobalSection(ProjectConfigurationPlatforms) = postSolution
		{365D8241-23AA-48ED-953D-A071D14D4A3D}.Debug|Any CPU.ActiveCfg = Debug|Any CPU
		{365D8241-23AA-48ED-953D-A071D14D4A3D}.Debug|Any CPU.Build.0 = Debug|Any CPU
		{365D8241-23AA-48ED-953D-A071D14D4A3D}.Release|Any CPU.ActiveCfg = Release|Any CPU
		{365D8241-23AA-48ED-953D-A071D14D4A3D}.Release|Any CPU.Build.0 = Release|Any CPU
	EndGlobalSection
	GlobalSection(SolutionProperties) = preSolution
		HideSolutionNode = FALSE
	EndGlobalSection
	GlobalSection(ExtensibilityGlobals) = postSolution
		SolutionGuid = {FA57D86B-95F1-4547-942D-B75EE772CC18}
	EndGlobalSection
EndGlobal
